
Microsoft Visual Studio Solution File, Format Version 12.00
# Visual Studio Version 17
VisualStudioVersion = 17.11.35312.102
MinimumVisualStudioVersion = 10.0.40219.1
Project("{FAE04EC0-301F-11D3-BF4B-00C04F79EFBC}") = "FieldGraphX", "FieldGraphX\FieldGraphX.csproj", "{B2FE0C21-8BC2-4B17-AC64-40577F14433D}"
EndProject
Global
	GlobalSection(SolutionConfigurationPlatforms) = preSolution
		Debug|Any CPU = Debug|Any CPU
		Release|Any CPU = Release|Any CPU
	EndGlobalSection
	GlobalSection(ProjectConfigurationPlatforms) = postSolution
		{B2FE0C21-8BC2-4B17-AC64-40577F14433D}.Debug|Any CPU.ActiveCfg = Debug|Any CPU
		{B2FE0C21-8BC2-4B17-AC64-40577F14433D}.Debug|Any CPU.Build.0 = Debug|Any CPU
		{B2FE0C21-8BC2-4B17-AC64-40577F14433D}.Release|Any CPU.ActiveCfg = Release|Any CPU
		{B2FE0C21-8BC2-4B17-AC64-40577F14433D}.Release|Any CPU.Build.0 = Release|Any CPU
	EndGlobalSection
	GlobalSection(SolutionProperties) = preSolution
		HideSolutionNode = FALSE
	EndGlobalSection
	GlobalSection(ExtensibilityGlobals) = postSolution
		SolutionGuid = {EAEBD8BA-DB0E-41EF-9865-C340CB5B2EF5}
	EndGlobalSection
EndGlobal
